Microsoft Visual Studio Solution File, Format Version 12.00
# Visual Studio Version 16
VisualStudioVersion = 16.0.32901.82
MinimumVisualStudioVersion = 10.0.40219.1
Project("{803FD0C6-D64E-4E16-9DC3-1DAEC859A3D2}") = "AERTOS", "AERTOS\AERTOS.vgdbcmake", "{33F59B55-CD83-4F8B-B70B-5D6DAD3F72D8}"
EndProject
Global
	GlobalSection(SolutionConfigurationPlatforms) = preSolution
		Debug|exeHalTest_arm = Debug|exeHalTest_arm
		MinSizeRel|exeHalTest_arm = MinSizeRel|exeHalTest_arm
		Release|exeHalTest_arm = Release|exeHalTest_arm
		RelWithDebInfo|exeHalTest_arm = RelWithDebInfo|exeHalTest_arm
		Debug|exeHalTest_mingw = Debug|exeHalTest_mingw
		MinSizeRel|exeHalTest_mingw = MinSizeRel|exeHalTest_mingw
		Release|exeHalTest_mingw = Release|exeHalTest_mingw
		RelWithDebInfo|exeHalTest_mingw = RelWithDebInfo|exeHalTest_mingw
	EndGlobalSection
	GlobalSection(ProjectConfigurationPlatforms) = postSolution
		{33F59B55-CD83-4F8B-B70B-5D6DAD3F72D8}.Debug|exeHalTest_arm.ActiveCfg = Debug|exeHalTest_arm
		{33F59B55-CD83-4F8B-B70B-5D6DAD3F72D8}.Debug|exeHalTest_arm.Build.0 = Debug|exeHalTest_arm
		{33F59B55-CD83-4F8B-B70B-5D6DAD3F72D8}.MinSizeRel|exeHalTest_arm.ActiveCfg = MinSizeRel|exeHalTest_arm
		{33F59B55-CD83-4F8B-B70B-5D6DAD3F72D8}.MinSizeRel|exeHalTest_arm.Build.0 = MinSizeRel|exeHalTest_arm
		{33F59B55-CD83-4F8B-B70B-5D6DAD3F72D8}.Release|exeHalTest_arm.ActiveCfg = Release|exeHalTest_arm
		{33F59B55-CD83-4F8B-B70B-5D6DAD3F72D8}.Release|exeHalTest_arm.Build.0 = Release|exeHalTest_arm
		{33F59B55-CD83-4F8B-B70B-5D6DAD3F72D8}.RelWithDebInfo|exeHalTest_arm.ActiveCfg = RelWithDebInfo|exeHalTest_arm
		{33F59B55-CD83-4F8B-B70B-5D6DAD3F72D8}.RelWithDebInfo|exeHalTest_arm.Build.0 = RelWithDebInfo|exeHalTest_arm
		{33F59B55-CD83-4F8B-B70B-5D6DAD3F72D8}.Debug|exeHalTest_mingw.ActiveCfg = Debug|exeHalTest_mingw
		{33F59B55-CD83-4F8B-B70B-5D6DAD3F72D8}.Debug|exeHalTest_mingw.Build.0 = Debug|exeHalTest_mingw
		{33F59B55-CD83-4F8B-B70B-5D6DAD3F72D8}.MinSizeRel|exeHalTest_mingw.ActiveCfg = MinSizeRel|exeHalTest_mingw
		{33F59B55-CD83-4F8B-B70B-5D6DAD3F72D8}.MinSizeRel|exeHalTest_mingw.Build.0 = MinSizeRel|exeHalTest_mingw
		{33F59B55-CD83-4F8B-B70B-5D6DAD3F72D8}.Release|exeHalTest_mingw.ActiveCfg = Release|exeHalTest_mingw
		{33F59B55-CD83-4F8B-B70B-5D6DAD3F72D8}.Release|exeHalTest_mingw.Build.0 = Release|exeHalTest_mingw
		{33F59B55-CD83-4F8B-B70B-5D6DAD3F72D8}.RelWithDebInfo|exeHalTest_mingw.ActiveCfg = RelWithDebInfo|exeHalTest_mingw
		{33F59B55-CD83-4F8B-B70B-5D6DAD3F72D8}.RelWithDebInfo|exeHalTest_mingw.Build.0 = RelWithDebInfo|exeHalTest_mingw
	EndGlobalSection
	GlobalSection(SolutionProperties) = preSolution
		HideSolutionNode = FALSE
	EndGlobalSection
	GlobalSection(ExtensibilityGlobals) = postSolution
		SolutionGuid = {6D21C84C-332D-422A-A95F-B5B71DF31441}
	EndGlobalSection
EndGlobal
