Microsoft Visual Studio Solution File, Format Version 12.00
# Visual Studio Version 16
VisualStudioVersion = 16.0.32901.82
MinimumVisualStudioVersion = 10.0.40219.1
Project("{803FD0C6-D64E-4E16-9DC3-1DAEC859A3D2}") = "AERTOS", "AERTOS\AERTOS.vgdbcmake", "{33F59B55-CD83-4F8B-B70B-5D6DAD3F72D8}"
EndProject
Global
	GlobalSection(SolutionConfigurationPlatforms) = preSolution
		Debug_testActionRequest|AE_STM32F411RE = Debug_testActionRequest|AE_STM32F411RE
		Debug_testFilters|AE_STM32F411RE = Debug_testFilters|AE_STM32F411RE
		Debug_testTDU|AE_STM32F411RE = Debug_testTDU|AE_STM32F411RE
		Debug|AE_STM32F411RE = Debug|AE_STM32F411RE
		MinSizeRel|AE_STM32F411RE = MinSizeRel|AE_STM32F411RE
		Release|AE_STM32F411RE = Release|AE_STM32F411RE
		RelWithDebInfo|AE_STM32F411RE = RelWithDebInfo|AE_STM32F411RE
		Debug_testActionRequest|AE_mingw = Debug_testActionRequest|AE_mingw
		Debug_testFilters|AE_mingw = Debug_testFilters|AE_mingw
		Debug_testTDU|AE_mingw = Debug_testTDU|AE_mingw
		Debug|AE_mingw = Debug|AE_mingw
		MinSizeRel|AE_mingw = MinSizeRel|AE_mingw
		Release|AE_mingw = Release|AE_mingw
		RelWithDebInfo|AE_mingw = RelWithDebInfo|AE_mingw
	EndGlobalSection
	GlobalSection(ProjectConfigurationPlatforms) = postSolution
		{33F59B55-CD83-4F8B-B70B-5D6DAD3F72D8}.Debug_testActionRequest|AE_STM32F411RE.ActiveCfg = Debug_testActionRequest|AE_STM32F411RE
		{33F59B55-CD83-4F8B-B70B-5D6DAD3F72D8}.Debug_testActionRequest|AE_STM32F411RE.Build.0 = Debug_testActionRequest|AE_STM32F411RE
		{33F59B55-CD83-4F8B-B70B-5D6DAD3F72D8}.Debug_testFilters|AE_STM32F411RE.ActiveCfg = Debug_testFilters|AE_STM32F411RE
		{33F59B55-CD83-4F8B-B70B-5D6DAD3F72D8}.Debug_testFilters|AE_STM32F411RE.Build.0 = Debug_testFilters|AE_STM32F411RE
		{33F59B55-CD83-4F8B-B70B-5D6DAD3F72D8}.Debug_testTDU|AE_STM32F411RE.ActiveCfg = Debug_testTDU|AE_STM32F411RE
		{33F59B55-CD83-4F8B-B70B-5D6DAD3F72D8}.Debug_testTDU|AE_STM32F411RE.Build.0 = Debug_testTDU|AE_STM32F411RE
		{33F59B55-CD83-4F8B-B70B-5D6DAD3F72D8}.Debug|AE_STM32F411RE.ActiveCfg = Debug|AE_STM32F411RE
		{33F59B55-CD83-4F8B-B70B-5D6DAD3F72D8}.Debug|AE_STM32F411RE.Build.0 = Debug|AE_STM32F411RE
		{33F59B55-CD83-4F8B-B70B-5D6DAD3F72D8}.MinSizeRel|AE_STM32F411RE.ActiveCfg = MinSizeRel|AE_STM32F411RE
		{33F59B55-CD83-4F8B-B70B-5D6DAD3F72D8}.MinSizeRel|AE_STM32F411RE.Build.0 = MinSizeRel|AE_STM32F411RE
		{33F59B55-CD83-4F8B-B70B-5D6DAD3F72D8}.Release|AE_STM32F411RE.ActiveCfg = Release|AE_STM32F411RE
		{33F59B55-CD83-4F8B-B70B-5D6DAD3F72D8}.Release|AE_STM32F411RE.Build.0 = Release|AE_STM32F411RE
		{33F59B55-CD83-4F8B-B70B-5D6DAD3F72D8}.RelWithDebInfo|AE_STM32F411RE.ActiveCfg = RelWithDebInfo|AE_STM32F411RE
		{33F59B55-CD83-4F8B-B70B-5D6DAD3F72D8}.RelWithDebInfo|AE_STM32F411RE.Build.0 = RelWithDebInfo|AE_STM32F411RE
		{33F59B55-CD83-4F8B-B70B-5D6DAD3F72D8}.Debug_testActionRequest|AE_mingw.ActiveCfg = Debug_testActionRequest|AE_mingw
		{33F59B55-CD83-4F8B-B70B-5D6DAD3F72D8}.Debug_testActionRequest|AE_mingw.Build.0 = Debug_testActionRequest|AE_mingw
		{33F59B55-CD83-4F8B-B70B-5D6DAD3F72D8}.Debug_testFilters|AE_mingw.ActiveCfg = Debug_testFilters|AE_mingw
		{33F59B55-CD83-4F8B-B70B-5D6DAD3F72D8}.Debug_testFilters|AE_mingw.Build.0 = Debug_testFilters|AE_mingw
		{33F59B55-CD83-4F8B-B70B-5D6DAD3F72D8}.Debug_testTDU|AE_mingw.ActiveCfg = Debug_testTDU|AE_mingw
		{33F59B55-CD83-4F8B-B70B-5D6DAD3F72D8}.Debug_testTDU|AE_mingw.Build.0 = Debug_testTDU|AE_mingw
		{33F59B55-CD83-4F8B-B70B-5D6DAD3F72D8}.Debug|AE_mingw.ActiveCfg = Debug|AE_mingw
		{33F59B55-CD83-4F8B-B70B-5D6DAD3F72D8}.Debug|AE_mingw.Build.0 = Debug|AE_mingw
		{33F59B55-CD83-4F8B-B70B-5D6DAD3F72D8}.MinSizeRel|AE_mingw.ActiveCfg = MinSizeRel|AE_mingw
		{33F59B55-CD83-4F8B-B70B-5D6DAD3F72D8}.MinSizeRel|AE_mingw.Build.0 = MinSizeRel|AE_mingw
		{33F59B55-CD83-4F8B-B70B-5D6DAD3F72D8}.Release|AE_mingw.ActiveCfg = Release|AE_mingw
		{33F59B55-CD83-4F8B-B70B-5D6DAD3F72D8}.Release|AE_mingw.Build.0 = Release|AE_mingw
		{33F59B55-CD83-4F8B-B70B-5D6DAD3F72D8}.RelWithDebInfo|AE_mingw.ActiveCfg = RelWithDebInfo|AE_mingw
		{33F59B55-CD83-4F8B-B70B-5D6DAD3F72D8}.RelWithDebInfo|AE_mingw.Build.0 = RelWithDebInfo|AE_mingw
	EndGlobalSection
	GlobalSection(SolutionProperties) = preSolution
		HideSolutionNode = FALSE
	EndGlobalSection
	GlobalSection(ExtensibilityGlobals) = postSolution
		SolutionGuid = {6D21C84C-332D-422A-A95F-B5B71DF31441}
	EndGlobalSection
EndGlobal
